<?xml version="1.0" encoding="utf-8"?>
<Project ToolsVersion="4.0" xmlns="http://schemas.microsoft.com/developer/msbuild/2003">
  <ItemGroup>
    <ClCompile Include="pch.cpp">
      <Filter>Default</Filter>
    </ClCompile>
    <ClCompile Include="main.cpp" />
    <ClCompile Include="CImGuiMgr.cpp">
      <Filter>Manager</Filter>
    </ClCompile>
    <ClCompile Include="ImGui\imgui.cpp">
      <Filter>ImGui\Code</Filter>
    </ClCompile>
    <ClCompile Include="ImGui\imgui_demo.cpp">
      <Filter>ImGui\Code</Filter>
    </ClCompile>
    <ClCompile Include="ImGui\imgui_draw.cpp">
      <Filter>ImGui\Code</Filter>
    </ClCompile>
    <ClCompile Include="ImGui\imgui_impl_dx11.cpp">
      <Filter>ImGui\Code</Filter>
    </ClCompile>
    <ClCompile Include="ImGui\imgui_impl_win32.cpp">
      <Filter>ImGui\Code</Filter>
    </ClCompile>
    <ClCompile Include="ImGui\imgui_tables.cpp">
      <Filter>ImGui\Code</Filter>
    </ClCompile>
    <ClCompile Include="ImGui\imgui_widgets.cpp">
      <Filter>ImGui\Code</Filter>
    </ClCompile>
    <ClCompile Include="UI.cpp">
      <Filter>ImGui\UI</Filter>
    </ClCompile>
    <ClCompile Include="ComponentUI.cpp">
      <Filter>ImGui\UI\01. InspectorUI\ComponentUI</Filter>
    </ClCompile>
    <ClCompile Include="InspectorUI.cpp">
      <Filter>ImGui\UI\01. InspectorUI</Filter>
    </ClCompile>
    <ClCompile Include="TransformUI.cpp">
      <Filter>ImGui\UI\01. InspectorUI\ComponentUI\01. TransformUI</Filter>
    </ClCompile>
    <ClCompile Include="MeshRenderUI.cpp">
      <Filter>ImGui\UI\01. InspectorUI\ComponentUI\08. MeshRenderUI</Filter>
    </ClCompile>
    <ClCompile Include="ListUI.cpp">
      <Filter>ImGui\UI\Module\ListUI</Filter>
    </ClCompile>
    <ClCompile Include="CameraUI.cpp">
      <Filter>ImGui\UI\01. InspectorUI\ComponentUI\02. CameraUI</Filter>
    </ClCompile>
    <ClCompile Include="TreeUI.cpp">
      <Filter>ImGui\UI\Module\TreeUI</Filter>
    </ClCompile>
    <ClCompile Include="ResourceUI.cpp">
      <Filter>ImGui\UI\02. ResourceUI</Filter>
    </ClCompile>
    <ClCompile Include="SceneOutliner.cpp">
      <Filter>ImGui\UI\03. SceneOutliner</Filter>
    </ClCompile>
    <ClCompile Include="ResInfoUI.cpp">
      <Filter>ImGui\UI\01. InspectorUI\ResInfoUI</Filter>
    </ClCompile>
    <ClCompile Include="TextureUI.cpp">
      <Filter>ImGui\UI\01. InspectorUI\ResInfoUI\TextureUI</Filter>
    </ClCompile>
    <ClCompile Include="ParamUI.cpp">
      <Filter>ImGui\UI\Module\ParamUI</Filter>
    </ClCompile>
    <ClCompile Include="MaterialUI.cpp">
      <Filter>ImGui\UI\01. InspectorUI\ResInfoUI\MaterialUI</Filter>
    </ClCompile>
    <ClCompile Include="ScriptUI.cpp">
      <Filter>ImGui\UI\01. InspectorUI\ScriptUI</Filter>
    </ClCompile>
    <ClCompile Include="CTestScene.cpp">
      <Filter>TestScene</Filter>
    </ClCompile>
  </ItemGroup>
  <ItemGroup>
    <ClInclude Include="framework.h">
      <Filter>Default</Filter>
    </ClInclude>
    <ClInclude Include="main.h">
      <Filter>Default</Filter>
    </ClInclude>
    <ClInclude Include="pch.h">
      <Filter>Default</Filter>
    </ClInclude>
    <ClInclude Include="Resource.h">
      <Filter>Default</Filter>
    </ClInclude>
    <ClInclude Include="targetver.h">
      <Filter>Default</Filter>
    </ClInclude>
    <ClInclude Include="CImGuiMgr.h">
      <Filter>Manager</Filter>
    </ClInclude>
    <ClInclude Include="ImGui\imstb_truetype.h">
      <Filter>ImGui\Code</Filter>
    </ClInclude>
    <ClInclude Include="ImGui\imconfig.h">
      <Filter>ImGui\Code</Filter>
    </ClInclude>
    <ClInclude Include="ImGui\imgui.h">
      <Filter>ImGui\Code</Filter>
    </ClInclude>
    <ClInclude Include="ImGui\imgui_impl_dx11.h">
      <Filter>ImGui\Code</Filter>
    </ClInclude>
    <ClInclude Include="ImGui\imgui_impl_win32.h">
      <Filter>ImGui\Code</Filter>
    </ClInclude>
    <ClInclude Include="ImGui\imgui_internal.h">
      <Filter>ImGui\Code</Filter>
    </ClInclude>
    <ClInclude Include="ImGui\imstb_rectpack.h">
      <Filter>ImGui\Code</Filter>
    </ClInclude>
    <ClInclude Include="ImGui\imstb_textedit.h">
      <Filter>ImGui\Code</Filter>
    </ClInclude>
    <ClInclude Include="UI.h">
      <Filter>ImGui\UI</Filter>
    </ClInclude>
    <ClInclude Include="ComponentUI.h">
      <Filter>ImGui\UI\01. InspectorUI\ComponentUI</Filter>
    </ClInclude>
    <ClInclude Include="InspectorUI.h">
      <Filter>ImGui\UI\01. InspectorUI</Filter>
    </ClInclude>
    <ClInclude Include="TransformUI.h">
      <Filter>ImGui\UI\01. InspectorUI\ComponentUI\01. TransformUI</Filter>
    </ClInclude>
    <ClInclude Include="MeshRenderUI.h">
      <Filter>ImGui\UI\01. InspectorUI\ComponentUI\08. MeshRenderUI</Filter>
    </ClInclude>
    <ClInclude Include="ListUI.h">
      <Filter>ImGui\UI\Module\ListUI</Filter>
    </ClInclude>
    <ClInclude Include="CameraUI.h">
      <Filter>ImGui\UI\01. InspectorUI\ComponentUI\02. CameraUI</Filter>
    </ClInclude>
    <ClInclude Include="TreeUI.h">
      <Filter>ImGui\UI\Module\TreeUI</Filter>
    </ClInclude>
    <ClInclude Include="ResourceUI.h">
      <Filter>ImGui\UI\02. ResourceUI</Filter>
    </ClInclude>
    <ClInclude Include="SceneOutliner.h">
      <Filter>ImGui\UI\03. SceneOutliner</Filter>
    </ClInclude>
    <ClInclude Include="ResInfoUI.h">
      <Filter>ImGui\UI\01. InspectorUI\ResInfoUI</Filter>
    </ClInclude>
    <ClInclude Include="TextureUI.h">
      <Filter>ImGui\UI\01. InspectorUI\ResInfoUI\TextureUI</Filter>
    </ClInclude>
    <ClInclude Include="ParamUI.h">
      <Filter>ImGui\UI\Module\ParamUI</Filter>
    </ClInclude>
    <ClInclude Include="MaterialUI.h">
      <Filter>ImGui\UI\01. InspectorUI\ResInfoUI\MaterialUI</Filter>
    </ClInclude>
    <ClInclude Include="ScriptUI.h">
      <Filter>ImGui\UI\01. InspectorUI\ScriptUI</Filter>
    </ClInclude>
    <ClInclude Include="CTestScene.h">
      <Filter>TestScene</Filter>
    </ClInclude>
  </ItemGroup>
  <ItemGroup>
    <Image Include="39Engine.ico">
      <Filter>Default</Filter>
    </Image>
    <Image Include="small.ico">
      <Filter>Default</Filter>
    </Image>
  </ItemGroup>
  <ItemGroup>
    <Filter Include="Default">
      <UniqueIdentifier>{983d369a-dc67-4fc4-a539-9a1ed9eb7681}</UniqueIdentifier>
    </Filter>
    <Filter Include="ImGui">
      <UniqueIdentifier>{2aca1941-82e2-4121-9a39-54112fb116c4}</UniqueIdentifier>
    </Filter>
    <Filter Include="Manager">
      <UniqueIdentifier>{1d357c03-e714-4b53-b120-49d3cfbd9b5c}</UniqueIdentifier>
    </Filter>
    <Filter Include="ImGui\Code">
      <UniqueIdentifier>{aded09f7-3800-4f3c-8a9f-365cf7f9cdfb}</UniqueIdentifier>
    </Filter>
    <Filter Include="ImGui\UI">
      <UniqueIdentifier>{589b8d29-9d97-4f05-833c-0ecb5a30e5e2}</UniqueIdentifier>
    </Filter>
    <Filter Include="ImGui\UI\01. InspectorUI">
      <UniqueIdentifier>{ad638937-33f0-44ab-95b0-ee6c76c92532}</UniqueIdentifier>
    </Filter>
    <Filter Include="ImGui\UI\01. InspectorUI\ComponentUI">
      <UniqueIdentifier>{67a4b6c9-4a64-423d-9fad-7dc303d13cd1}</UniqueIdentifier>
    </Filter>
    <Filter Include="ImGui\UI\01. InspectorUI\ComponentUI\01. TransformUI">
      <UniqueIdentifier>{6e10f010-8a19-48f0-bf41-d1382c52a876}</UniqueIdentifier>
    </Filter>
    <Filter Include="ImGui\UI\01. InspectorUI\ComponentUI\02. CameraUI">
      <UniqueIdentifier>{d5f640af-c25b-49b7-81e2-26298a0f1980}</UniqueIdentifier>
    </Filter>
    <Filter Include="ImGui\UI\02. ResourceUI">
      <UniqueIdentifier>{4fea523e-6f40-4079-9ada-96f055070741}</UniqueIdentifier>
    </Filter>
    <Filter Include="ImGui\UI\03. SceneOutliner">
      <UniqueIdentifier>{868aacf1-d282-45d1-95c3-cf0f88d4caad}</UniqueIdentifier>
    </Filter>
    <Filter Include="ImGui\UI\Module">
      <UniqueIdentifier>{e545d296-5532-4488-b28d-cb628e3352bd}</UniqueIdentifier>
    </Filter>
    <Filter Include="ImGui\UI\Module\ListUI">
      <UniqueIdentifier>{0c602229-65f0-441e-91c0-c20cc6d4a56e}</UniqueIdentifier>
    </Filter>
    <Filter Include="ImGui\UI\Module\TreeUI">
      <UniqueIdentifier>{d04d990e-25fc-42e7-9610-4db6b255cb13}</UniqueIdentifier>
    </Filter>
    <Filter Include="ImGui\UI\01. InspectorUI\ComponentUI\03. Collider2D">
      <UniqueIdentifier>{7496bfee-2170-4050-90c1-92416f2ac68f}</UniqueIdentifier>
    </Filter>
    <Filter Include="ImGui\UI\01. InspectorUI\ComponentUI\04. Collider3D">
      <UniqueIdentifier>{648b862b-27e2-41d4-b845-b8c71afbd069}</UniqueIdentifier>
    </Filter>
    <Filter Include="ImGui\UI\01. InspectorUI\ComponentUI\05. Animator2D">
      <UniqueIdentifier>{a5fdd7bd-3017-4cb1-b79b-2045a44731c7}</UniqueIdentifier>
    </Filter>
    <Filter Include="ImGui\UI\01. InspectorUI\ComponentUI\06. Animator3D">
      <UniqueIdentifier>{855b86ae-39a3-42df-a4d5-8b957f3fdccb}</UniqueIdentifier>
    </Filter>
    <Filter Include="ImGui\UI\01. InspectorUI\ComponentUI\07. BoundingBox">
      <UniqueIdentifier>{7cbcc49e-5ebc-4d56-ae1c-dbcdc6f65cd8}</UniqueIdentifier>
    </Filter>
    <Filter Include="ImGui\UI\01. InspectorUI\ComponentUI\09. Tilemap">
      <UniqueIdentifier>{a96831f4-6d7e-44cc-a733-f3f81f088ef2}</UniqueIdentifier>
    </Filter>
    <Filter Include="ImGui\UI\01. InspectorUI\ComponentUI\10. ParticleSystem">
      <UniqueIdentifier>{41857c48-5950-4930-95ce-6569a8c1bb7b}</UniqueIdentifier>
    </Filter>
    <Filter Include="ImGui\UI\01. InspectorUI\ComponentUI\11. LandScape">
      <UniqueIdentifier>{df61ece2-d0e0-498f-ba1a-da70d4635063}</UniqueIdentifier>
    </Filter>
    <Filter Include="ImGui\UI\01. InspectorUI\ComponentUI\12. Decal">
      <UniqueIdentifier>{b8c6ce6b-2dcf-4582-9f59-e5a1947b5c93}</UniqueIdentifier>
    </Filter>
    <Filter Include="ImGui\UI\01. InspectorUI\ComponentUI\08. MeshRenderUI">
      <UniqueIdentifier>{2d8b81af-89f6-4637-b09f-9246d35d4a82}</UniqueIdentifier>
    </Filter>
    <Filter Include="ImGui\UI\01. InspectorUI\ResInfoUI">
      <UniqueIdentifier>{0bc6d11d-c4d6-4ccb-a463-dc11a0c7292d}</UniqueIdentifier>
    </Filter>
    <Filter Include="ImGui\UI\01. InspectorUI\ResInfoUI\TextureUI">
      <UniqueIdentifier>{8c6fe4c3-664a-4458-85d7-1396e2a6ee58}</UniqueIdentifier>
    </Filter>
    <Filter Include="ImGui\UI\Module\ParamUI">
      <UniqueIdentifier>{bf68bf4b-2fa5-415a-aff9-1023f52e578c}</UniqueIdentifier>
    </Filter>
    <Filter Include="ImGui\UI\01. InspectorUI\ResInfoUI\MaterialUI">
      <UniqueIdentifier>{2880515d-8c59-4e58-a4a7-497c15ab5266}</UniqueIdentifier>
    </Filter>
    <Filter Include="TestScene">
      <UniqueIdentifier>{b6b41661-a30f-48f1-902e-a169ca2569c6}</UniqueIdentifier>
    </Filter>
    <Filter Include="ImGui\UI\01. InspectorUI\ScriptUI">
      <UniqueIdentifier>{7873b44b-ee79-4b77-a888-c1c224ecbe05}</UniqueIdentifier>
    </Filter>
  </ItemGroup>
  <ItemGroup>
    <ResourceCompile Include="Client.rc">
      <Filter>Default</Filter>
    </ResourceCompile>
  </ItemGroup>
</Project>