<?xml version="1.0" encoding="utf-8"?>
<Project ToolsVersion="4.0" xmlns="http://schemas.microsoft.com/developer/msbuild/2003">
  <ItemGroup>
    <ClInclude Include="framework.h">
      <Filter>Default</Filter>
    </ClInclude>
    <ClInclude Include="pch.h">
      <Filter>Default</Filter>
    </ClInclude>
    <ClInclude Include="global.h">
      <Filter>Engine\01. Header</Filter>
    </ClInclude>
    <ClInclude Include="define.h">
      <Filter>Engine\01. Header</Filter>
    </ClInclude>
    <ClInclude Include="CCore.h">
      <Filter>Engine\02. Core</Filter>
    </ClInclude>
    <ClInclude Include="CTimeMgr.h">
      <Filter>Engine\03. Manager</Filter>
    </ClInclude>
    <ClInclude Include="CKeyMgr.h">
      <Filter>Engine\03. Manager</Filter>
    </ClInclude>
    <ClInclude Include="CPathMgr.h">
      <Filter>Engine\03. Manager</Filter>
    </ClInclude>
    <ClInclude Include="SimpleMath.h">
      <Filter>Engine\Module</Filter>
    </ClInclude>
    <ClInclude Include="Temp.h">
      <Filter>Temp</Filter>
    </ClInclude>
    <ClInclude Include="struct.h">
      <Filter>Engine\01. Header</Filter>
    </ClInclude>
    <ClInclude Include="CEntity.h">
      <Filter>Engine</Filter>
    </ClInclude>
    <ClInclude Include="CRes.h">
      <Filter>Engine\07. Resource</Filter>
    </ClInclude>
    <ClInclude Include="CMesh.h">
      <Filter>Engine\07. Resource\03. Mesh</Filter>
    </ClInclude>
    <ClInclude Include="CShader.h">
      <Filter>Engine\07. Resource\06. Shader</Filter>
    </ClInclude>
    <ClInclude Include="CGraphicsShader.h">
      <Filter>Engine\07. Resource\06. Shader\GraphicsShader</Filter>
    </ClInclude>
    <ClInclude Include="CConstBuffer.h">
      <Filter>Engine\03. Manager\01. Device\ConstantBuffer</Filter>
    </ClInclude>
    <ClInclude Include="CDevice.h">
      <Filter>Engine\03. Manager\01. Device</Filter>
    </ClInclude>
  </ItemGroup>
  <ItemGroup>
    <ClCompile Include="Engine.cpp">
      <Filter>Default</Filter>
    </ClCompile>
    <ClCompile Include="pch.cpp">
      <Filter>Default</Filter>
    </ClCompile>
    <ClCompile Include="CCore.cpp">
      <Filter>Engine\02. Core</Filter>
    </ClCompile>
    <ClCompile Include="CKeyMgr.cpp">
      <Filter>Engine\03. Manager</Filter>
    </ClCompile>
    <ClCompile Include="CPathMgr.cpp">
      <Filter>Engine\03. Manager</Filter>
    </ClCompile>
    <ClCompile Include="CTimeMgr.cpp">
      <Filter>Engine\03. Manager</Filter>
    </ClCompile>
    <ClCompile Include="Temp.cpp">
      <Filter>Temp</Filter>
    </ClCompile>
    <ClCompile Include="CEntity.cpp">
      <Filter>Engine</Filter>
    </ClCompile>
    <ClCompile Include="CRes.cpp">
      <Filter>Engine\07. Resource</Filter>
    </ClCompile>
    <ClCompile Include="CMesh.cpp">
      <Filter>Engine\07. Resource\03. Mesh</Filter>
    </ClCompile>
    <ClCompile Include="CShader.cpp">
      <Filter>Engine\07. Resource\06. Shader</Filter>
    </ClCompile>
    <ClCompile Include="CGraphicsShader.cpp">
      <Filter>Engine\07. Resource\06. Shader\GraphicsShader</Filter>
    </ClCompile>
    <ClCompile Include="CConstBuffer.cpp">
      <Filter>Engine\03. Manager\01. Device\ConstantBuffer</Filter>
    </ClCompile>
    <ClCompile Include="CDevice.cpp">
      <Filter>Engine\03. Manager\01. Device</Filter>
    </ClCompile>
  </ItemGroup>
  <ItemGroup>
    <Filter Include="Default">
      <UniqueIdentifier>{31bd3a9b-2ee1-4b6d-8329-928c5c3ccfc3}</UniqueIdentifier>
    </Filter>
    <Filter Include="Engine">
      <UniqueIdentifier>{ec0a4f08-03db-469c-bc6d-3f040681451f}</UniqueIdentifier>
    </Filter>
    <Filter Include="Engine\01. Header">
      <UniqueIdentifier>{b39706e8-5b4a-46b5-903b-766318a51e55}</UniqueIdentifier>
    </Filter>
    <Filter Include="Engine\02. Core">
      <UniqueIdentifier>{6a52e826-ace4-4d04-a579-ecdc34a2590a}</UniqueIdentifier>
    </Filter>
    <Filter Include="Engine\03. Manager">
      <UniqueIdentifier>{7cc4d22b-c86f-42d3-b7a1-778170f5814e}</UniqueIdentifier>
    </Filter>
    <Filter Include="Engine\04. GameObject">
      <UniqueIdentifier>{3d1d8700-1602-48b9-a2a4-a10159f29c0e}</UniqueIdentifier>
    </Filter>
    <Filter Include="Engine\05. Component">
      <UniqueIdentifier>{8c8cfa51-d3e3-4355-be70-5324dfb87810}</UniqueIdentifier>
    </Filter>
    <Filter Include="Engine\06. Scene">
      <UniqueIdentifier>{b278c640-f5ab-4dbe-a07b-dc3d7737dcf9}</UniqueIdentifier>
    </Filter>
    <Filter Include="Engine\07. Resource">
      <UniqueIdentifier>{6e1b4142-4b64-42a2-9235-d106b20a19a2}</UniqueIdentifier>
    </Filter>
    <Filter Include="Engine\Module">
      <UniqueIdentifier>{6c2edf20-0cbf-4f35-8483-1f6715732561}</UniqueIdentifier>
    </Filter>
    <Filter Include="Temp">
      <UniqueIdentifier>{3b5bff13-b333-4051-8247-7b24ec613ea0}</UniqueIdentifier>
    </Filter>
    <Filter Include="Engine\ShaderCode">
      <UniqueIdentifier>{4d4cb459-54b3-4fe1-adf1-2141969ba2c1}</UniqueIdentifier>
    </Filter>
    <Filter Include="Engine\07. Resource\01. Material">
      <UniqueIdentifier>{25ecc4e0-7f5a-43c6-95b9-9f9511811083}</UniqueIdentifier>
    </Filter>
    <Filter Include="Engine\07. Resource\04. Texture">
      <UniqueIdentifier>{017cc3ec-c5db-4af4-8ff4-83e103d185b4}</UniqueIdentifier>
    </Filter>
    <Filter Include="Engine\07. Resource\03. Mesh">
      <UniqueIdentifier>{336cae43-bbcd-4a15-bf59-eb3e8ac505c6}</UniqueIdentifier>
    </Filter>
    <Filter Include="Engine\07. Resource\02. MeshData">
      <UniqueIdentifier>{c42f8cd6-73dd-4b45-8284-eece5dbe0bfc}</UniqueIdentifier>
    </Filter>
    <Filter Include="Engine\07. Resource\05. Sound">
      <UniqueIdentifier>{d7b9faa0-eca8-40fd-b106-bd81b8e2df2d}</UniqueIdentifier>
    </Filter>
    <Filter Include="Engine\07. Resource\06. Shader">
      <UniqueIdentifier>{5b9ce1f4-6e9b-43d0-8c94-0998501022c4}</UniqueIdentifier>
    </Filter>
    <Filter Include="Engine\07. Resource\06. Shader\GraphicsShader">
      <UniqueIdentifier>{4ec4e62e-c1f9-4045-92af-8fe72cb366f5}</UniqueIdentifier>
    </Filter>
    <Filter Include="Engine\07. Resource\06. Shader\ComputeShader">
      <UniqueIdentifier>{db3a6442-f27c-4d32-8089-63517795a942}</UniqueIdentifier>
    </Filter>
    <Filter Include="Engine\03. Manager\01. Device">
      <UniqueIdentifier>{646ecdee-36a9-4e13-9644-a4b71a698b21}</UniqueIdentifier>
    </Filter>
    <Filter Include="Engine\03. Manager\01. Device\ConstantBuffer">
      <UniqueIdentifier>{e95a4666-cb04-4481-afdd-f8053bf3f5b4}</UniqueIdentifier>
    </Filter>
  </ItemGroup>
  <ItemGroup>
    <None Include="SimpleMath.inl">
      <Filter>Engine\Module</Filter>
    </None>
  </ItemGroup>
  <ItemGroup>
    <FxCompile Include="test.fx">
      <Filter>Engine\ShaderCode</Filter>
    </FxCompile>
  </ItemGroup>
</Project>