<?xml version="1.0" encoding="utf-8"?>
<Project ToolsVersion="4.0" xmlns="http://schemas.microsoft.com/developer/msbuild/2003">
  <ItemGroup>
    <ClInclude Include="framework.h">
      <Filter>Default</Filter>
    </ClInclude>
    <ClInclude Include="pch.h">
      <Filter>Default</Filter>
    </ClInclude>
    <ClInclude Include="global.h">
      <Filter>Engine\01. Header</Filter>
    </ClInclude>
    <ClInclude Include="define.h">
      <Filter>Engine\01. Header</Filter>
    </ClInclude>
    <ClInclude Include="CCore.h">
      <Filter>Engine\02. Core</Filter>
    </ClInclude>
    <ClInclude Include="SimpleMath.h">
      <Filter>Engine\Module</Filter>
    </ClInclude>
    <ClInclude Include="struct.h">
      <Filter>Engine\01. Header</Filter>
    </ClInclude>
    <ClInclude Include="CEntity.h">
      <Filter>Engine</Filter>
    </ClInclude>
    <ClInclude Include="CRes.h">
      <Filter>Engine\07. Resource</Filter>
    </ClInclude>
    <ClInclude Include="CMesh.h">
      <Filter>Engine\07. Resource\03. Mesh</Filter>
    </ClInclude>
    <ClInclude Include="CShader.h">
      <Filter>Engine\07. Resource\06. Shader</Filter>
    </ClInclude>
    <ClInclude Include="CGraphicsShader.h">
      <Filter>Engine\07. Resource\06. Shader\GraphicsShader</Filter>
    </ClInclude>
    <ClInclude Include="CConstBuffer.h">
      <Filter>Engine\03. Manager\01. Device\ConstantBuffer</Filter>
    </ClInclude>
    <ClInclude Include="CDevice.h">
      <Filter>Engine\03. Manager\01. Device</Filter>
    </ClInclude>
    <ClInclude Include="CKeyMgr.h">
      <Filter>Engine\03. Manager\04. KeyMgr</Filter>
    </ClInclude>
    <ClInclude Include="CPathMgr.h">
      <Filter>Engine\03. Manager\05. PathMgr</Filter>
    </ClInclude>
    <ClInclude Include="CResMgr.h">
      <Filter>Engine\03. Manager\06. ResMgr</Filter>
    </ClInclude>
    <ClInclude Include="CTimeMgr.h">
      <Filter>Engine\03. Manager\03. TimeMgr</Filter>
    </ClInclude>
    <ClInclude Include="func.h">
      <Filter>Engine\01. Header</Filter>
    </ClInclude>
    <ClInclude Include="CGameObject.h">
      <Filter>Engine\04. GameObject</Filter>
    </ClInclude>
    <ClInclude Include="CTransform.h">
      <Filter>Engine\05. Component\01. Transform</Filter>
    </ClInclude>
    <ClInclude Include="CMeshRender.h">
      <Filter>Engine\05. Component\08. MeshRender</Filter>
    </ClInclude>
    <ClInclude Include="CComponent.h">
      <Filter>Engine\05. Component</Filter>
    </ClInclude>
    <ClInclude Include="CScript.h">
      <Filter>Engine\05. Component\13. Script</Filter>
    </ClInclude>
    <ClInclude Include="CPlayerScript.h">
      <Filter>Engine\Scripts\PlayerScript</Filter>
    </ClInclude>
    <ClInclude Include="CSceneMgr.h">
      <Filter>Engine\03. Manager\07. SceneMgr</Filter>
    </ClInclude>
    <ClInclude Include="CLayer.h">
      <Filter>Engine\06. Scene\02. Layer</Filter>
    </ClInclude>
    <ClInclude Include="CScene.h">
      <Filter>Engine\06. Scene\01.Scene</Filter>
    </ClInclude>
    <ClInclude Include="CCamera.h">
      <Filter>Engine\05. Component\02. Camera</Filter>
    </ClInclude>
    <ClInclude Include="CCameraMoveScript.h">
      <Filter>Engine\Scripts\CameraMoveScript</Filter>
    </ClInclude>
    <ClInclude Include="extern.h">
      <Filter>Engine\01. Header</Filter>
    </ClInclude>
    <ClInclude Include="CMaterial.h">
      <Filter>Engine\07. Resource\01. Material</Filter>
    </ClInclude>
    <ClInclude Include="Ptr.h">
      <Filter>Engine\07. Resource</Filter>
    </ClInclude>
    <ClInclude Include="CTexture.h">
      <Filter>Engine\07. Resource\04. Texture</Filter>
    </ClInclude>
  </ItemGroup>
  <ItemGroup>
    <ClCompile Include="Engine.cpp">
      <Filter>Default</Filter>
    </ClCompile>
    <ClCompile Include="pch.cpp">
      <Filter>Default</Filter>
    </ClCompile>
    <ClCompile Include="CCore.cpp">
      <Filter>Engine\02. Core</Filter>
    </ClCompile>
    <ClCompile Include="CEntity.cpp">
      <Filter>Engine</Filter>
    </ClCompile>
    <ClCompile Include="CRes.cpp">
      <Filter>Engine\07. Resource</Filter>
    </ClCompile>
    <ClCompile Include="CMesh.cpp">
      <Filter>Engine\07. Resource\03. Mesh</Filter>
    </ClCompile>
    <ClCompile Include="CShader.cpp">
      <Filter>Engine\07. Resource\06. Shader</Filter>
    </ClCompile>
    <ClCompile Include="CGraphicsShader.cpp">
      <Filter>Engine\07. Resource\06. Shader\GraphicsShader</Filter>
    </ClCompile>
    <ClCompile Include="CConstBuffer.cpp">
      <Filter>Engine\03. Manager\01. Device\ConstantBuffer</Filter>
    </ClCompile>
    <ClCompile Include="CDevice.cpp">
      <Filter>Engine\03. Manager\01. Device</Filter>
    </ClCompile>
    <ClCompile Include="CKeyMgr.cpp">
      <Filter>Engine\03. Manager\04. KeyMgr</Filter>
    </ClCompile>
    <ClCompile Include="CPathMgr.cpp">
      <Filter>Engine\03. Manager\05. PathMgr</Filter>
    </ClCompile>
    <ClCompile Include="CResMgr.cpp">
      <Filter>Engine\03. Manager\06. ResMgr</Filter>
    </ClCompile>
    <ClCompile Include="CTimeMgr.cpp">
      <Filter>Engine\03. Manager\03. TimeMgr</Filter>
    </ClCompile>
    <ClCompile Include="CResMgr_init.cpp">
      <Filter>Engine\03. Manager\06. ResMgr</Filter>
    </ClCompile>
    <ClCompile Include="CGameObject.cpp">
      <Filter>Engine\04. GameObject</Filter>
    </ClCompile>
    <ClCompile Include="CTransform.cpp">
      <Filter>Engine\05. Component\01. Transform</Filter>
    </ClCompile>
    <ClCompile Include="CComponent.cpp">
      <Filter>Engine\05. Component</Filter>
    </ClCompile>
    <ClCompile Include="CMeshRender.cpp">
      <Filter>Engine\05. Component\08. MeshRender</Filter>
    </ClCompile>
    <ClCompile Include="CScript.cpp">
      <Filter>Engine\05. Component\13. Script</Filter>
    </ClCompile>
    <ClCompile Include="CPlayerScript.cpp">
      <Filter>Engine\Scripts\PlayerScript</Filter>
    </ClCompile>
    <ClCompile Include="CSceneMgr.cpp">
      <Filter>Engine\03. Manager\07. SceneMgr</Filter>
    </ClCompile>
    <ClCompile Include="CLayer.cpp">
      <Filter>Engine\06. Scene\02. Layer</Filter>
    </ClCompile>
    <ClCompile Include="CScene.cpp">
      <Filter>Engine\06. Scene\01.Scene</Filter>
    </ClCompile>
    <ClCompile Include="CCamera.cpp">
      <Filter>Engine\05. Component\02. Camera</Filter>
    </ClCompile>
    <ClCompile Include="CCameraMoveScript.cpp">
      <Filter>Engine\Scripts\CameraMoveScript</Filter>
    </ClCompile>
    <ClCompile Include="extern.cpp">
      <Filter>Engine\01. Header</Filter>
    </ClCompile>
    <ClCompile Include="CMaterial.cpp">
      <Filter>Engine\07. Resource\01. Material</Filter>
    </ClCompile>
    <ClCompile Include="CTexture.cpp">
      <Filter>Engine\07. Resource\04. Texture</Filter>
    </ClCompile>
  </ItemGroup>
  <ItemGroup>
    <Filter Include="Default">
      <UniqueIdentifier>{31bd3a9b-2ee1-4b6d-8329-928c5c3ccfc3}</UniqueIdentifier>
    </Filter>
    <Filter Include="Engine">
      <UniqueIdentifier>{ec0a4f08-03db-469c-bc6d-3f040681451f}</UniqueIdentifier>
    </Filter>
    <Filter Include="Engine\01. Header">
      <UniqueIdentifier>{b39706e8-5b4a-46b5-903b-766318a51e55}</UniqueIdentifier>
    </Filter>
    <Filter Include="Engine\02. Core">
      <UniqueIdentifier>{6a52e826-ace4-4d04-a579-ecdc34a2590a}</UniqueIdentifier>
    </Filter>
    <Filter Include="Engine\03. Manager">
      <UniqueIdentifier>{7cc4d22b-c86f-42d3-b7a1-778170f5814e}</UniqueIdentifier>
    </Filter>
    <Filter Include="Engine\04. GameObject">
      <UniqueIdentifier>{3d1d8700-1602-48b9-a2a4-a10159f29c0e}</UniqueIdentifier>
    </Filter>
    <Filter Include="Engine\05. Component">
      <UniqueIdentifier>{8c8cfa51-d3e3-4355-be70-5324dfb87810}</UniqueIdentifier>
    </Filter>
    <Filter Include="Engine\06. Scene">
      <UniqueIdentifier>{b278c640-f5ab-4dbe-a07b-dc3d7737dcf9}</UniqueIdentifier>
    </Filter>
    <Filter Include="Engine\07. Resource">
      <UniqueIdentifier>{6e1b4142-4b64-42a2-9235-d106b20a19a2}</UniqueIdentifier>
    </Filter>
    <Filter Include="Engine\Module">
      <UniqueIdentifier>{6c2edf20-0cbf-4f35-8483-1f6715732561}</UniqueIdentifier>
    </Filter>
    <Filter Include="Engine\ShaderCode">
      <UniqueIdentifier>{4d4cb459-54b3-4fe1-adf1-2141969ba2c1}</UniqueIdentifier>
    </Filter>
    <Filter Include="Engine\07. Resource\01. Material">
      <UniqueIdentifier>{25ecc4e0-7f5a-43c6-95b9-9f9511811083}</UniqueIdentifier>
    </Filter>
    <Filter Include="Engine\07. Resource\04. Texture">
      <UniqueIdentifier>{017cc3ec-c5db-4af4-8ff4-83e103d185b4}</UniqueIdentifier>
    </Filter>
    <Filter Include="Engine\07. Resource\03. Mesh">
      <UniqueIdentifier>{336cae43-bbcd-4a15-bf59-eb3e8ac505c6}</UniqueIdentifier>
    </Filter>
    <Filter Include="Engine\07. Resource\02. MeshData">
      <UniqueIdentifier>{c42f8cd6-73dd-4b45-8284-eece5dbe0bfc}</UniqueIdentifier>
    </Filter>
    <Filter Include="Engine\07. Resource\05. Sound">
      <UniqueIdentifier>{d7b9faa0-eca8-40fd-b106-bd81b8e2df2d}</UniqueIdentifier>
    </Filter>
    <Filter Include="Engine\07. Resource\06. Shader">
      <UniqueIdentifier>{5b9ce1f4-6e9b-43d0-8c94-0998501022c4}</UniqueIdentifier>
    </Filter>
    <Filter Include="Engine\07. Resource\06. Shader\GraphicsShader">
      <UniqueIdentifier>{4ec4e62e-c1f9-4045-92af-8fe72cb366f5}</UniqueIdentifier>
    </Filter>
    <Filter Include="Engine\07. Resource\06. Shader\ComputeShader">
      <UniqueIdentifier>{db3a6442-f27c-4d32-8089-63517795a942}</UniqueIdentifier>
    </Filter>
    <Filter Include="Engine\03. Manager\01. Device">
      <UniqueIdentifier>{646ecdee-36a9-4e13-9644-a4b71a698b21}</UniqueIdentifier>
    </Filter>
    <Filter Include="Engine\03. Manager\01. Device\ConstantBuffer">
      <UniqueIdentifier>{e95a4666-cb04-4481-afdd-f8053bf3f5b4}</UniqueIdentifier>
    </Filter>
    <Filter Include="Engine\03. Manager\03. TimeMgr">
      <UniqueIdentifier>{6cc6ae46-ed67-488f-bf48-e41ecc636785}</UniqueIdentifier>
    </Filter>
    <Filter Include="Engine\03. Manager\02. RenderMgr">
      <UniqueIdentifier>{a90a5272-9960-47e4-95e0-0163f08f9e5e}</UniqueIdentifier>
    </Filter>
    <Filter Include="Engine\03. Manager\04. KeyMgr">
      <UniqueIdentifier>{cfa9cb92-5234-4d13-a1dd-e34f360dde37}</UniqueIdentifier>
    </Filter>
    <Filter Include="Engine\03. Manager\05. PathMgr">
      <UniqueIdentifier>{3166dbed-4175-4bec-9322-6e4838228538}</UniqueIdentifier>
    </Filter>
    <Filter Include="Engine\03. Manager\06. ResMgr">
      <UniqueIdentifier>{5f26961f-ae42-44f0-b5bb-ea9453e94788}</UniqueIdentifier>
    </Filter>
    <Filter Include="Engine\05. Component\01. Transform">
      <UniqueIdentifier>{f6a14c24-6747-4048-b915-f3ce37358b5b}</UniqueIdentifier>
    </Filter>
    <Filter Include="Engine\Scripts">
      <UniqueIdentifier>{c16b0346-81d0-431a-9516-3bf8fddc2e27}</UniqueIdentifier>
    </Filter>
    <Filter Include="Engine\Scripts\PlayerScript">
      <UniqueIdentifier>{ec7b76c6-af35-48ee-b6e6-d0dfb0626786}</UniqueIdentifier>
    </Filter>
    <Filter Include="Engine\Scripts\MonsterScript">
      <UniqueIdentifier>{c9f1748c-319a-463c-b6f9-cd7379cf0c4d}</UniqueIdentifier>
    </Filter>
    <Filter Include="Engine\Scripts\MissileScript">
      <UniqueIdentifier>{14b816be-5e6a-4e63-a92f-c8d36f375b34}</UniqueIdentifier>
    </Filter>
    <Filter Include="Engine\03. Manager\07. SceneMgr">
      <UniqueIdentifier>{c9b5c63b-c0c7-4243-a151-f429ade51903}</UniqueIdentifier>
    </Filter>
    <Filter Include="Engine\06. Scene\01.Scene">
      <UniqueIdentifier>{b7042831-f5b7-4e9e-a1ab-971fcfe30366}</UniqueIdentifier>
    </Filter>
    <Filter Include="Engine\06. Scene\02. Layer">
      <UniqueIdentifier>{82587d02-3bcf-4708-8c72-8c9bd9253b92}</UniqueIdentifier>
    </Filter>
    <Filter Include="Engine\05. Component\02. Camera">
      <UniqueIdentifier>{bd8ea3ce-6a69-4b37-9f39-1c1ddfdced13}</UniqueIdentifier>
    </Filter>
    <Filter Include="Engine\05. Component\03. Collider2D">
      <UniqueIdentifier>{a7d51da1-ef1c-46e3-ab6c-9ae83f1d5b41}</UniqueIdentifier>
    </Filter>
    <Filter Include="Engine\05. Component\04. Collider3D">
      <UniqueIdentifier>{ba1e0b9b-9789-41ee-a598-4711c58e2661}</UniqueIdentifier>
    </Filter>
    <Filter Include="Engine\05. Component\05. Animator2D">
      <UniqueIdentifier>{e24bd671-f0c4-4fbb-844e-7fd962f81092}</UniqueIdentifier>
    </Filter>
    <Filter Include="Engine\05. Component\06. Animator3D">
      <UniqueIdentifier>{0e60b10a-7836-4e88-9e8a-5e4390b7bd86}</UniqueIdentifier>
    </Filter>
    <Filter Include="Engine\05. Component\07. BoundingBox">
      <UniqueIdentifier>{284ff44f-60b1-4d3d-968b-842566f2d590}</UniqueIdentifier>
    </Filter>
    <Filter Include="Engine\05. Component\08. MeshRender">
      <UniqueIdentifier>{469120db-5726-457f-87d4-5d319fd89ab3}</UniqueIdentifier>
    </Filter>
    <Filter Include="Engine\05. Component\09. TileMap">
      <UniqueIdentifier>{894a0959-c823-4fa9-b7be-3028e6f0b743}</UniqueIdentifier>
    </Filter>
    <Filter Include="Engine\05. Component\10. ParticleSystem">
      <UniqueIdentifier>{a4d9dc3d-d0d2-4b62-a3bf-d9a5cbc43065}</UniqueIdentifier>
    </Filter>
    <Filter Include="Engine\05. Component\11. Decal">
      <UniqueIdentifier>{bcdbaacc-5832-4dc9-95e1-52b9b5ed12aa}</UniqueIdentifier>
    </Filter>
    <Filter Include="Engine\05. Component\12. LandScape">
      <UniqueIdentifier>{e023f04b-4e66-49fa-a6b3-a5fb70fb7401}</UniqueIdentifier>
    </Filter>
    <Filter Include="Engine\05. Component\13. Script">
      <UniqueIdentifier>{9326288f-cfde-4b16-8c13-85c69f058ab5}</UniqueIdentifier>
    </Filter>
    <Filter Include="Engine\Scripts\CameraMoveScript">
      <UniqueIdentifier>{6af18667-800d-4ec7-b3ae-ffc61bfdb8d3}</UniqueIdentifier>
    </Filter>
  </ItemGroup>
  <ItemGroup>
    <None Include="SimpleMath.inl">
      <Filter>Engine\Module</Filter>
    </None>
  </ItemGroup>
  <ItemGroup>
    <FxCompile Include="test.fx">
      <Filter>Engine\ShaderCode</Filter>
    </FxCompile>
  </ItemGroup>
</Project>